
Microsoft Visual Studio Solution File, Format Version 12.00
# Visual Studio Version 16
VisualStudioVersion = 16.0.29411.108
MinimumVisualStudioVersion = 10.0.40219.1
Project("{FAE04EC0-301F-11D3-BF4B-00C04F79EFBC}") = "Form Extractor", "Form Extractor\Form Extractor.csproj", "{8B9F1E6B-CDCA-4794-96AF-B52B3CFB5F8A}"
EndProject
Global
	GlobalSection(SolutionConfigurationPlatforms) = preSolution
		Debug|Any CPU = Debug|Any CPU
		Release|Any CPU = Release|Any CPU
	EndGlobalSection
	GlobalSection(ProjectConfigurationPlatforms) = postSolution
		{8B9F1E6B-CDCA-4794-96AF-B52B3CFB5F8A}.Debug|Any CPU.ActiveCfg = Debug|Any CPU
		{8B9F1E6B-CDCA-4794-96AF-B52B3CFB5F8A}.Debug|Any CPU.Build.0 = Debug|Any CPU
		{8B9F1E6B-CDCA-4794-96AF-B52B3CFB5F8A}.Release|Any CPU.ActiveCfg = Release|Any CPU
		{8B9F1E6B-CDCA-4794-96AF-B52B3CFB5F8A}.Release|Any CPU.Build.0 = Release|Any CPU
	EndGlobalSection
	GlobalSection(SolutionProperties) = preSolution
		HideSolutionNode = FALSE
	EndGlobalSection
	GlobalSection(ExtensibilityGlobals) = postSolution
		SolutionGuid = {F210A44D-123C-4661-A549-ACA3A56650E6}
	EndGlobalSection
EndGlobal
